{
  "name": "ajs-clone",
  "version": "1.0.0",
  "lockfileVersion": 2,
  "requires": true,
  "packages": {
    "": {
      "version": "1.0.0",
      "license": "ISC",
      "dependencies": {
        "@shamagir/ajs": "^1.0.0"
      }
    },
    "node_modules/@shamagir/ajs": {
      "version": "1.0.0",
      "resolved": "https://npm.pkg.github.com/download/@shamagir/ajs/1.0.0/af56e636c693f36c0c82471c71860788fc36c210ef7b0c12d7bb4a70b5c85b0d",
      "integrity": "sha512-2oQRUEqA0AKcu2bK8uXzMYbP1qIripQosiWS645DIMNaRoRQJSZ6bLmIZJP1InzZYLc97a0bK32pgXsldFo/rg==",
      "license": "ISC"
    }
  },
  "dependencies": {
    "@shamagir/ajs": {
      "version": "1.0.0",
      "resolved": "https://npm.pkg.github.com/download/@shamagir/ajs/1.0.0/af56e636c693f36c0c82471c71860788fc36c210ef7b0c12d7bb4a70b5c85b0d",
      "integrity": "sha512-2oQRUEqA0AKcu2bK8uXzMYbP1qIripQosiWS645DIMNaRoRQJSZ6bLmIZJP1InzZYLc97a0bK32pgXsldFo/rg=="
    }
  }
}
